{
  "nodes": {
    "nixpkgs": {
      "locked": {
        "lastModified": 1701952659,
        "narHash": "sha256-TJv2srXt6fYPUjxgLAL0cy4nuf1OZD4KuA1TrCiQqg0=",
        "owner": "nixos",
        "repo": "nixpkgs",
        "rev": "b4372c4924d9182034066c823df76d6eaf1f4ec4",
        "type": "github"
      },
      "original": {
        "owner": "nixos",
        "ref": "nixos-23.11",
        "repo": "nixpkgs",
        "type": "github"
      }
    },
    "nixpkgs_2": {
      "locked": {
        "lastModified": 1689605451,
        "narHash": "sha256-u2qp2k9V1smCfk6rdUcgMKvBj3G9jVvaPHyeXinjN9E=",
        "owner": "nixos",
        "repo": "nixpkgs",
        "rev": "53657afe29748b3e462f1f892287b7e254c26d77",
        "type": "github"
      },
      "original": {
        "owner": "nixos",
        "ref": "nixos-23.05",
        "repo": "nixpkgs",
        "type": "github"
      }
    },
    "nixpkgs_3": {
      "locked": {
        "lastModified": 1689605451,
        "narHash": "sha256-u2qp2k9V1smCfk6rdUcgMKvBj3G9jVvaPHyeXinjN9E=",
        "owner": "nixos",
        "repo": "nixpkgs",
        "rev": "53657afe29748b3e462f1f892287b7e254c26d77",
        "type": "github"
      },
      "original": {
        "owner": "nixos",
        "ref": "nixos-23.05",
        "repo": "nixpkgs",
        "type": "github"
      }
    },
    "root": {
      "inputs": {
        "nixpkgs": "nixpkgs",
        "ww-node-overlays": "ww-node-overlays",
        "ww-utils": "ww-utils"
      }
    },
    "ww-node-overlays": {
      "inputs": {
        "nixpkgs": "nixpkgs_2"
      },
      "locked": {
        "lastModified": 1702279758,
        "narHash": "sha256-odSyiQlOgVxSTzEk619jtnOexvU52qWvoPq4x3rRVHY=",
        "owner": "wunderwerkio",
        "repo": "nix-node-packages-overlays",
        "rev": "ec5e0e93115008ed0c72118c19ceaf75fa961997",
        "type": "github"
      },
      "original": {
        "owner": "wunderwerkio",
        "repo": "nix-node-packages-overlays",
        "type": "github"
      }
    },
    "ww-utils": {
      "inputs": {
        "nixpkgs": "nixpkgs_3"
      },
      "locked": {
        "lastModified": 1689680157,
        "narHash": "sha256-EHuuswdDYzC2KZn/wkicMSNFlPNMNGmr7WERiv6+aIg=",
        "owner": "wunderwerkio",
        "repo": "nix-ww-utils",
        "rev": "707584d9ce59a907621eb02f7bf2e1dc1a0dbb80",
        "type": "github"
      },
      "original": {
        "owner": "wunderwerkio",
        "repo": "nix-ww-utils",
        "type": "github"
      }
    }
  },
  "root": "root",
  "version": 7
}
